<?xml version="1.0" encoding="utf-8"?>
<Project ToolsVersion="4.0" xmlns="http://schemas.microsoft.com/developer/msbuild/2003">
  <ItemGroup>
    <Filter Include="Source Files">
      <UniqueIdentifier>{4FC737F1-C7A5-4376-A066-2A32D752A2FF}</UniqueIdentifier>
      <Extensions>cpp;c;cc;cxx;c++;cppm;ixx;def;odl;idl;hpj;bat;asm;asmx</Extensions>
    </Filter>
    <Filter Include="Header Files">
      <UniqueIdentifier>{93995380-89BD-4b04-88EB-625FBE52EBFB}</UniqueIdentifier>
      <Extensions>h;hh;hpp;hxx;h++;hm;inl;inc;ipp;xsd</Extensions>
    </Filter>
    <Filter Include="Shaders">
      <UniqueIdentifier>{acfc80f5-04ae-4b87-a7f6-6b4ba0af6a98}</UniqueIdentifier>
    </Filter>
    <Filter Include="ImGui">
      <UniqueIdentifier>{ab685862-df4a-4ed4-97a7-09c381e95f1d}</UniqueIdentifier>
    </Filter>
    <Filter Include="ImGui\Header Files">
      <UniqueIdentifier>{fd44f195-4e38-4405-b3be-bb24014e1c4d}</UniqueIdentifier>
    </Filter>
    <Filter Include="ImGui\Source Files">
      <UniqueIdentifier>{4ee27da5-ccb3-46fb-bd8c-d5a6870b2901}</UniqueIdentifier>
    </Filter>
    <Filter Include="Header Files\Game Entity Subclass Headers">
      <UniqueIdentifier>{80eb79aa-6fe6-4a6d-a147-e3047bee885e}</UniqueIdentifier>
    </Filter>
    <Filter Include="Source Files\Game Entity Subclass Sources">
      <UniqueIdentifier>{ad0f59e1-8ec2-41a0-8ff4-0f39f886c05f}</UniqueIdentifier>
    </Filter>
    <Filter Include="Header Files\Component Headers">
      <UniqueIdentifier>{0d95f844-db0d-45fe-8070-b305a90ffeea}</UniqueIdentifier>
    </Filter>
    <Filter Include="Source Files\Component Sources">
      <UniqueIdentifier>{d1274280-73f1-43e6-83d0-4210d07660f0}</UniqueIdentifier>
    </Filter>
    <Filter Include="Shaders\MirrorShaders">
      <UniqueIdentifier>{974fbaa0-71eb-4b70-848c-9498ba77a819}</UniqueIdentifier>
    </Filter>
  </ItemGroup>
  <ItemGroup>
    <ClCompile Include="DXCore.cpp">
      <Filter>Source Files</Filter>
    </ClCompile>
    <ClCompile Include="Game.cpp">
      <Filter>Source Files</Filter>
    </ClCompile>
    <ClCompile Include="Input.cpp">
      <Filter>Source Files</Filter>
    </ClCompile>
    <ClCompile Include="Main.cpp">
      <Filter>Source Files</Filter>
    </ClCompile>
    <ClCompile Include="Helpers.cpp">
      <Filter>Source Files</Filter>
    </ClCompile>
    <ClCompile Include="Mesh.cpp">
      <Filter>Source Files</Filter>
    </ClCompile>
    <ClCompile Include="ImGui\imgui.cpp">
      <Filter>ImGui\Source Files</Filter>
    </ClCompile>
    <ClCompile Include="ImGui\imgui_demo.cpp">
      <Filter>ImGui\Source Files</Filter>
    </ClCompile>
    <ClCompile Include="ImGui\imgui_draw.cpp">
      <Filter>ImGui\Source Files</Filter>
    </ClCompile>
    <ClCompile Include="ImGui\imgui_impl_dx11.cpp">
      <Filter>ImGui\Source Files</Filter>
    </ClCompile>
    <ClCompile Include="ImGui\imgui_impl_win32.cpp">
      <Filter>ImGui\Source Files</Filter>
    </ClCompile>
    <ClCompile Include="ImGui\imgui_tables.cpp">
      <Filter>ImGui\Source Files</Filter>
    </ClCompile>
    <ClCompile Include="ImGui\imgui_widgets.cpp">
      <Filter>ImGui\Source Files</Filter>
    </ClCompile>
    <ClCompile Include="Transform.cpp">
      <Filter>Source Files</Filter>
    </ClCompile>
    <ClCompile Include="GameEntity.cpp">
      <Filter>Source Files</Filter>
    </ClCompile>
    <ClCompile Include="Camera.cpp">
      <Filter>Source Files</Filter>
    </ClCompile>
    <ClCompile Include="SimpleShader.cpp">
      <Filter>Source Files</Filter>
    </ClCompile>
    <ClCompile Include="Material.cpp">
      <Filter>Source Files</Filter>
    </ClCompile>
    <ClCompile Include="CoolObject.cpp">
      <Filter>Source Files\Game Entity Subclass Sources</Filter>
    </ClCompile>
    <ClCompile Include="Terrain.cpp">
      <Filter>Source Files</Filter>
    </ClCompile>
    <ClCompile Include="TerrainEntity.cpp">
      <Filter>Source Files\Game Entity Subclass Sources</Filter>
    </ClCompile>
    <ClCompile Include="Skybox.cpp">
      <Filter>Source Files</Filter>
    </ClCompile>
    <ClCompile Include="Collider.cpp">
      <Filter>Source Files\Component Sources</Filter>
    </ClCompile>
    <ClCompile Include="Rigidbody.cpp">
      <Filter>Source Files\Component Sources</Filter>
    </ClCompile>
    <ClCompile Include="MagicMirrorManager.cpp">
      <Filter>Source Files\Game Entity Subclass Sources</Filter>
    </ClCompile>
    <ClCompile Include="MagicMirror.cpp">
      <Filter>Source Files\Game Entity Subclass Sources</Filter>
    </ClCompile>
  </ItemGroup>
  <ItemGroup>
    <ClInclude Include="DXCore.h">
      <Filter>Header Files</Filter>
    </ClInclude>
    <ClInclude Include="Game.h">
      <Filter>Header Files</Filter>
    </ClInclude>
    <ClInclude Include="Input.h">
      <Filter>Header Files</Filter>
    </ClInclude>
    <ClInclude Include="Vertex.h">
      <Filter>Header Files</Filter>
    </ClInclude>
    <ClInclude Include="Helpers.h">
      <Filter>Header Files</Filter>
    </ClInclude>
    <ClInclude Include="Mesh.h">
      <Filter>Header Files</Filter>
    </ClInclude>
    <ClInclude Include="ImGui\imconfig.h">
      <Filter>ImGui\Header Files</Filter>
    </ClInclude>
    <ClInclude Include="ImGui\imgui.h">
      <Filter>ImGui\Header Files</Filter>
    </ClInclude>
    <ClInclude Include="ImGui\imgui_impl_dx11.h">
      <Filter>ImGui\Header Files</Filter>
    </ClInclude>
    <ClInclude Include="ImGui\imgui_impl_win32.h">
      <Filter>ImGui\Header Files</Filter>
    </ClInclude>
    <ClInclude Include="ImGui\imgui_internal.h">
      <Filter>ImGui\Header Files</Filter>
    </ClInclude>
    <ClInclude Include="ImGui\imstb_rectpack.h">
      <Filter>ImGui\Header Files</Filter>
    </ClInclude>
    <ClInclude Include="ImGui\imstb_textedit.h">
      <Filter>ImGui\Header Files</Filter>
    </ClInclude>
    <ClInclude Include="ImGui\imstb_truetype.h">
      <Filter>ImGui\Header Files</Filter>
    </ClInclude>
    <ClInclude Include="BufferStructs.h">
      <Filter>Header Files</Filter>
    </ClInclude>
    <ClInclude Include="Transform.h">
      <Filter>Header Files</Filter>
    </ClInclude>
    <ClInclude Include="GameEntity.h">
      <Filter>Header Files</Filter>
    </ClInclude>
    <ClInclude Include="Camera.h">
      <Filter>Header Files</Filter>
    </ClInclude>
    <ClInclude Include="SimpleShader.h">
      <Filter>Header Files</Filter>
    </ClInclude>
    <ClInclude Include="Material.h">
      <Filter>Header Files</Filter>
    </ClInclude>
    <ClInclude Include="Lights.h">
      <Filter>Header Files</Filter>
    </ClInclude>
    <ClInclude Include="CoolObject.h">
      <Filter>Header Files\Game Entity Subclass Headers</Filter>
    </ClInclude>
    <ClInclude Include="GameEntitySubclassIncludes.h">
      <Filter>Header Files\Game Entity Subclass Headers</Filter>
    </ClInclude>
    <ClInclude Include="Terrain.h">
      <Filter>Header Files</Filter>
    </ClInclude>
    <ClInclude Include="TerrainEntity.h">
      <Filter>Header Files\Game Entity Subclass Headers</Filter>
    </ClInclude>
    <ClInclude Include="Skybox.h">
      <Filter>Header Files</Filter>
    </ClInclude>
    <ClInclude Include="Collider.h">
      <Filter>Header Files\Component Headers</Filter>
    </ClInclude>
    <ClInclude Include="Component.h">
      <Filter>Header Files\Component Headers</Filter>
    </ClInclude>
    <ClInclude Include="Rigidbody.h">
      <Filter>Header Files\Component Headers</Filter>
    </ClInclude>
    <ClInclude Include="MagicMirrorManager.h">
      <Filter>Header Files\Game Entity Subclass Headers</Filter>
    </ClInclude>
    <ClInclude Include="MagicMirror.h">
      <Filter>Header Files\Game Entity Subclass Headers</Filter>
    </ClInclude>
  </ItemGroup>
  <ItemGroup>
    <FxCompile Include="PixelShader.hlsl">
      <Filter>Shaders</Filter>
    </FxCompile>
    <FxCompile Include="VertexShader.hlsl">
      <Filter>Shaders</Filter>
    </FxCompile>
    <FxCompile Include="CustomPS.hlsl">
      <Filter>Shaders</Filter>
    </FxCompile>
    <FxCompile Include="VertexShader_Skybox.hlsl">
      <Filter>Shaders</Filter>
    </FxCompile>
    <FxCompile Include="PixelShader_Skybox.hlsl">
      <Filter>Shaders</Filter>
    </FxCompile>
    <FxCompile Include="VS_Terrain.hlsl">
      <Filter>Shaders</Filter>
    </FxCompile>
    <FxCompile Include="VS_MagicMirror.hlsl">
      <Filter>Shaders\MirrorShaders</Filter>
    </FxCompile>
    <FxCompile Include="PS_MagicMirror.hlsl">
      <Filter>Shaders\MirrorShaders</Filter>
    </FxCompile>
    <FxCompile Include="PS_MagicMirrorView.hlsl">
      <Filter>Shaders\MirrorShaders</Filter>
    </FxCompile>
    <FxCompile Include="PS_SkyboxMirror.hlsl">
      <Filter>Shaders\MirrorShaders</Filter>
    </FxCompile>
    <FxCompile Include="PixelShader_PBR.hlsl">
      <Filter>Shaders</Filter>
    </FxCompile>
    <FxCompile Include="PS_MagicMirrorView_PBR.hlsl">
      <Filter>Shaders\MirrorShaders</Filter>
    </FxCompile>
    <FxCompile Include="PS_MagicMirror_Culled.hlsl">
      <Filter>Shaders\MirrorShaders</Filter>
    </FxCompile>
  </ItemGroup>
  <ItemGroup>
    <None Include="ShaderIncludes.hlsli">
      <Filter>Shaders</Filter>
    </None>
    <None Include="packages.config" />
    <None Include="Noise.hlsli">
      <Filter>Shaders</Filter>
    </None>
  </ItemGroup>
</Project>